// !$*UTF8*$!
{
	archiveVersion = 1;
	classes = {
	};
	objectVersion = 55;
	objects = {

/* Begin PBXBuildFile section */
		798B17FF27D0B5520017FEC6 /* DismissCustomModal in Resources */ = {isa = PBXBuildFile; fileRef = 798B17FE27D0B5520017FEC6 /* DismissCustomModal */; };
		798B180127D0B5CE0017FEC6 /* IteratingFunctionClass.swift in Sources */ = {isa = PBXBuildFile; fileRef = 798B180027D0B5CE0017FEC6 /* IteratingFunctionClass.swift */; };
		798B180327D0B6E90017FEC6 /* SwitchVariableClass.swift in Sources */ = {isa = PBXBuildFile; fileRef = 798B180227D0B6E90017FEC6 /* SwitchVariableClass.swift */; };
		798B180527D0B7790017FEC6 /* DateFormatClass.swift in Sources */ = {isa = PBXBuildFile; fileRef = 798B180427D0B7790017FEC6 /* DateFormatClass.swift */; };
		798B180727D0B95D0017FEC6 /* UserDefaultsClass.swift in Sources */ = {isa = PBXBuildFile; fileRef = 798B180627D0B95D0017FEC6 /* UserDefaultsClass.swift */; };
		798B180927D0BAB50017FEC6 /* HideKeyboardClass.swift in Sources */ = {isa = PBXBuildFile; fileRef = 798B180827D0BAB50017FEC6 /* HideKeyboardClass.swift */; };
		798B180B27D0BB5F0017FEC6 /* videoPlayerClass.swift in Sources */ = {isa = PBXBuildFile; fileRef = 798B180A27D0BB5F0017FEC6 /* videoPlayerClass.swift */; };
		798B180D27D0BDAF0017FEC6 /* TrackableTableViewClass.swift in Sources */ = {isa = PBXBuildFile; fileRef = 798B180C27D0BDAF0017FEC6 /* TrackableTableViewClass.swift */; };
		798B181027D0BE020017FEC6 /* SwiftUITrackableScrollView in Frameworks */ = {isa = PBXBuildFile; productRef = 798B180F27D0BE020017FEC6 /* SwiftUITrackableScrollView */; };
		798B181227D0BFD80017FEC6 /* LinkForText.swift in Sources */ = {isa = PBXBuildFile; fileRef = 798B181127D0BFD80017FEC6 /* LinkForText.swift */; };
		798B181427D0C0E50017FEC6 /* ShareSheetClass.swift in Sources */ = {isa = PBXBuildFile; fileRef = 798B181327D0C0E50017FEC6 /* ShareSheetClass.swift */; };
		798B181827D0C28F0017FEC6 /* AppstorageClass.swift in Sources */ = {isa = PBXBuildFile; fileRef = 798B181727D0C28F0017FEC6 /* AppstorageClass.swift */; };
		798B181E27D0C54D0017FEC6 /* CoursesView.swift in Sources */ = {isa = PBXBuildFile; fileRef = 798B181C27D0C54D0017FEC6 /* CoursesView.swift */; };
		798B181F27D0C54D0017FEC6 /* CourseCard.swift in Sources */ = {isa = PBXBuildFile; fileRef = 798B181D27D0C54D0017FEC6 /* CourseCard.swift */; };
		798B182127D0C55D0017FEC6 /* HomeView.swift in Sources */ = {isa = PBXBuildFile; fileRef = 798B182027D0C55D0017FEC6 /* HomeView.swift */; };
		798B182327D0C5690017FEC6 /* TabToToop.swift in Sources */ = {isa = PBXBuildFile; fileRef = 798B182227D0C5690017FEC6 /* TabToToop.swift */; };
		798B182927D0C8EF0017FEC6 /* ChildView.swift in Sources */ = {isa = PBXBuildFile; fileRef = 798B182827D0C8EF0017FEC6 /* ChildView.swift */; };
		798B182B27D0C94B0017FEC6 /* TabToRoot.swift in Sources */ = {isa = PBXBuildFile; fileRef = 798B182A27D0C94B0017FEC6 /* TabToRoot.swift */; };
		798B182D27D0CB2C0017FEC6 /* customScrollBar.swift in Sources */ = {isa = PBXBuildFile; fileRef = 798B182C27D0CB2C0017FEC6 /* customScrollBar.swift */; };
		79D66B0327CFB1A200EA0AD2 /* DesignCodeBootCampApp.swift in Sources */ = {isa = PBXBuildFile; fileRef = 79D66B0227CFB1A200EA0AD2 /* DesignCodeBootCampApp.swift */; };
		79D66B0527CFB1A200EA0AD2 /* ContentView.swift in Sources */ = {isa = PBXBuildFile; fileRef = 79D66B0427CFB1A200EA0AD2 /* ContentView.swift */; };
		79D66B0727CFB1A300EA0AD2 /* Assets.xcassets in Resources */ = {isa = PBXBuildFile; fileRef = 79D66B0627CFB1A300EA0AD2 /* Assets.xcassets */; };
		79D66B0A27CFB1A300EA0AD2 /* Preview Assets.xcassets in Resources */ = {isa = PBXBuildFile; fileRef = 79D66B0927CFB1A300EA0AD2 /* Preview Assets.xcassets */; };
		79D66B1227CFB28F00EA0AD2 /* ShapesClass.swift in Sources */ = {isa = PBXBuildFile; fileRef = 79D66B1127CFB28F00EA0AD2 /* ShapesClass.swift */; };
		79D66B1427CFB39300EA0AD2 /* ColorLiteralClass.swift in Sources */ = {isa = PBXBuildFile; fileRef = 79D66B1327CFB39300EA0AD2 /* ColorLiteralClass.swift */; };
		79D66B1827CFB4D300EA0AD2 /* SidebarClass.swift in Sources */ = {isa = PBXBuildFile; fileRef = 79D66B1727CFB4D300EA0AD2 /* SidebarClass.swift */; };
		79D66B1A27CFB6CE00EA0AD2 /* ToolBarClass.swift in Sources */ = {isa = PBXBuildFile; fileRef = 79D66B1927CFB6CE00EA0AD2 /* ToolBarClass.swift */; };
		79D66B1C27CFB7BB00EA0AD2 /* ImageViewClass.swift in Sources */ = {isa = PBXBuildFile; fileRef = 79D66B1B27CFB7BB00EA0AD2 /* ImageViewClass.swift */; };
		79D66B1E27CFB84600EA0AD2 /* TextViewClass.swift in Sources */ = {isa = PBXBuildFile; fileRef = 79D66B1D27CFB84600EA0AD2 /* TextViewClass.swift */; };
		79D66B2027CFB92B00EA0AD2 /* maxWidthClass.swift in Sources */ = {isa = PBXBuildFile; fileRef = 79D66B1F27CFB92B00EA0AD2 /* maxWidthClass.swift */; };
		79D66B2227CFB9E400EA0AD2 /* ShadowClass.swift in Sources */ = {isa = PBXBuildFile; fileRef = 79D66B2127CFB9E400EA0AD2 /* ShadowClass.swift */; };
		79D66B2427CFBAD300EA0AD2 /* MaskAndTransparencyClass.swift in Sources */ = {isa = PBXBuildFile; fileRef = 79D66B2327CFBAD300EA0AD2 /* MaskAndTransparencyClass.swift */; };
		79D66B2627CFBCA500EA0AD2 /* TabviewClass.swift in Sources */ = {isa = PBXBuildFile; fileRef = 79D66B2527CFBCA500EA0AD2 /* TabviewClass.swift */; };
		79D66B2827CFBD2300EA0AD2 /* AnimationClass.swift in Sources */ = {isa = PBXBuildFile; fileRef = 79D66B2727CFBD2300EA0AD2 /* AnimationClass.swift */; };
		79D66B2A27CFBDF700EA0AD2 /* TransitionClass.swift in Sources */ = {isa = PBXBuildFile; fileRef = 79D66B2927CFBDF700EA0AD2 /* TransitionClass.swift */; };
		79D66B2C27CFBF6300EA0AD2 /* Animation3DClass.swift in Sources */ = {isa = PBXBuildFile; fileRef = 79D66B2B27CFBF6300EA0AD2 /* Animation3DClass.swift */; };
		79D66B2E27CFC11100EA0AD2 /* TapandLongPressAnimationClass.swift in Sources */ = {isa = PBXBuildFile; fileRef = 79D66B2D27CFC11100EA0AD2 /* TapandLongPressAnimationClass.swift */; };
		79D66B3027CFC3DA00EA0AD2 /* DragGestureClass.swift in Sources */ = {isa = PBXBuildFile; fileRef = 79D66B2F27CFC3DA00EA0AD2 /* DragGestureClass.swift */; };
		79D66B3227CFC5AD00EA0AD2 /* MatchedGeometryReaderClass.swift in Sources */ = {isa = PBXBuildFile; fileRef = 79D66B3127CFC5AD00EA0AD2 /* MatchedGeometryReaderClass.swift */; };
		79D66B3427CFC81300EA0AD2 /* AdvancedMatchedGeometry.swift in Sources */ = {isa = PBXBuildFile; fileRef = 79D66B3327CFC81300EA0AD2 /* AdvancedMatchedGeometry.swift */; };
		79D66B3627CFC8F600EA0AD2 /* AdvancedGeometryPlayView.swift in Sources */ = {isa = PBXBuildFile; fileRef = 79D66B3527CFC8F600EA0AD2 /* AdvancedGeometryPlayView.swift */; };
		79D66B3827CFCC9E00EA0AD2 /* BackgroundBlurClass.swift in Sources */ = {isa = PBXBuildFile; fileRef = 79D66B3727CFCC9E00EA0AD2 /* BackgroundBlurClass.swift */; };
		79D66B3A27CFCEBB00EA0AD2 /* VisualEffectBlur.swift in Sources */ = {isa = PBXBuildFile; fileRef = 79D66B3927CFCEBB00EA0AD2 /* VisualEffectBlur.swift */; };
		79D66B3C27CFCF4700EA0AD2 /* LottieView.swift in Sources */ = {isa = PBXBuildFile; fileRef = 79D66B3B27CFCF4700EA0AD2 /* LottieView.swift */; };
		79D66B3F27CFD00E00EA0AD2 /* Lottie in Frameworks */ = {isa = PBXBuildFile; productRef = 79D66B3E27CFD00E00EA0AD2 /* Lottie */; };
		79D66B4127CFD02100EA0AD2 /* LazyGridLayoutClass.swift in Sources */ = {isa = PBXBuildFile; fileRef = 79D66B4027CFD02100EA0AD2 /* LazyGridLayoutClass.swift */; };
		79D66B4327CFD39000EA0AD2 /* LazyVstackClass.swift in Sources */ = {isa = PBXBuildFile; fileRef = 79D66B4227CFD39000EA0AD2 /* LazyVstackClass.swift */; };
		79D66B4527CFD45100EA0AD2 /* LinkClass.swift in Sources */ = {isa = PBXBuildFile; fileRef = 79D66B4427CFD45100EA0AD2 /* LinkClass.swift */; };
		79D66B4727CFD54F00EA0AD2 /* PickerClass.swift in Sources */ = {isa = PBXBuildFile; fileRef = 79D66B4627CFD54F00EA0AD2 /* PickerClass.swift */; };
		79D66B4927D0015600EA0AD2 /* fullModalTransitionClass.swift in Sources */ = {isa = PBXBuildFile; fileRef = 79D66B4827D0015600EA0AD2 /* fullModalTransitionClass.swift */; };
		79D66B4B27D001CC00EA0AD2 /* StateBarClass.swift in Sources */ = {isa = PBXBuildFile; fileRef = 79D66B4A27D001CC00EA0AD2 /* StateBarClass.swift */; };
		79D66B4D27D0023B00EA0AD2 /* RedactedPlaceholderClass.swift in Sources */ = {isa = PBXBuildFile; fileRef = 79D66B4C27D0023B00EA0AD2 /* RedactedPlaceholderClass.swift */; };
		79D66B4F27D0037F00EA0AD2 /* HorizontalScroll3D.swift in Sources */ = {isa = PBXBuildFile; fileRef = 79D66B4E27D0037F00EA0AD2 /* HorizontalScroll3D.swift */; };
		79D66B5127D0069C00EA0AD2 /* CustomAnimationClass.swift in Sources */ = {isa = PBXBuildFile; fileRef = 79D66B5027D0069C00EA0AD2 /* CustomAnimationClass.swift */; };
/* End PBXBuildFile section */

/* Begin PBXFileReference section */
		798B17FE27D0B5520017FEC6 /* DismissCustomModal */ = {isa = PBXFileReference; lastKnownFileType = folder; name = DismissCustomModal; path = ../../../../../../Downloads/DismissCustomModal; sourceTree = "<group>"; };
		798B180027D0B5CE0017FEC6 /* IteratingFunctionClass.swift */ = {isa = PBXFileReference; lastKnownFileType = sourcecode.swift; path = IteratingFunctionClass.swift; sourceTree = "<group>"; };
		798B180227D0B6E90017FEC6 /* SwitchVariableClass.swift */ = {isa = PBXFileReference; lastKnownFileType = sourcecode.swift; path = SwitchVariableClass.swift; sourceTree = "<group>"; };
		798B180427D0B7790017FEC6 /* DateFormatClass.swift */ = {isa = PBXFileReference; lastKnownFileType = sourcecode.swift; path = DateFormatClass.swift; sourceTree = "<group>"; };
		798B180627D0B95D0017FEC6 /* UserDefaultsClass.swift */ = {isa = PBXFileReference; lastKnownFileType = sourcecode.swift; path = UserDefaultsClass.swift; sourceTree = "<group>"; };
		798B180827D0BAB50017FEC6 /* HideKeyboardClass.swift */ = {isa = PBXFileReference; lastKnownFileType = sourcecode.swift; path = HideKeyboardClass.swift; sourceTree = "<group>"; };
		798B180A27D0BB5F0017FEC6 /* videoPlayerClass.swift */ = {isa = PBXFileReference; lastKnownFileType = sourcecode.swift; path = videoPlayerClass.swift; sourceTree = "<group>"; };
		798B180C27D0BDAF0017FEC6 /* TrackableTableViewClass.swift */ = {isa = PBXFileReference; lastKnownFileType = sourcecode.swift; path = TrackableTableViewClass.swift; sourceTree = "<group>"; };
		798B181127D0BFD80017FEC6 /* LinkForText.swift */ = {isa = PBXFileReference; lastKnownFileType = sourcecode.swift; path = LinkForText.swift; sourceTree = "<group>"; };
		798B181327D0C0E50017FEC6 /* ShareSheetClass.swift */ = {isa = PBXFileReference; lastKnownFileType = sourcecode.swift; path = ShareSheetClass.swift; sourceTree = "<group>"; };
		798B181727D0C28F0017FEC6 /* AppstorageClass.swift */ = {isa = PBXFileReference; lastKnownFileType = sourcecode.swift; path = AppstorageClass.swift; sourceTree = "<group>"; };
		798B181C27D0C54D0017FEC6 /* CoursesView.swift */ = {isa = PBXFileReference; fileEncoding = 4; lastKnownFileType = sourcecode.swift; name = CoursesView.swift; path = ../../../../../../../Downloads/Shared/CoursesView.swift; sourceTree = "<group>"; };
		798B181D27D0C54D0017FEC6 /* CourseCard.swift */ = {isa = PBXFileReference; fileEncoding = 4; lastKnownFileType = sourcecode.swift; name = CourseCard.swift; path = ../../../../../../../Downloads/Shared/CourseCard.swift; sourceTree = "<group>"; };
		798B182027D0C55D0017FEC6 /* HomeView.swift */ = {isa = PBXFileReference; fileEncoding = 4; lastKnownFileType = sourcecode.swift; name = HomeView.swift; path = ../../../../../../../Downloads/Shared/HomeView.swift; sourceTree = "<group>"; };
		798B182227D0C5690017FEC6 /* TabToToop.swift */ = {isa = PBXFileReference; lastKnownFileType = sourcecode.swift; path = TabToToop.swift; sourceTree = "<group>"; };
		798B182827D0C8EF0017FEC6 /* ChildView.swift */ = {isa = PBXFileReference; lastKnownFileType = sourcecode.swift; path = ChildView.swift; sourceTree = "<group>"; };
		798B182A27D0C94B0017FEC6 /* TabToRoot.swift */ = {isa = PBXFileReference; lastKnownFileType = sourcecode.swift; path = TabToRoot.swift; sourceTree = "<group>"; };
		798B182C27D0CB2C0017FEC6 /* customScrollBar.swift */ = {isa = PBXFileReference; lastKnownFileType = sourcecode.swift; path = customScrollBar.swift; sourceTree = "<group>"; };
		79D66AFF27CFB1A200EA0AD2 /* DesignCodeBootCamp.app */ = {isa = PBXFileReference; explicitFileType = wrapper.application; includeInIndex = 0; path = DesignCodeBootCamp.app; sourceTree = BUILT_PRODUCTS_DIR; };
		79D66B0227CFB1A200EA0AD2 /* DesignCodeBootCampApp.swift */ = {isa = PBXFileReference; lastKnownFileType = sourcecode.swift; path = DesignCodeBootCampApp.swift; sourceTree = "<group>"; };
		79D66B0427CFB1A200EA0AD2 /* ContentView.swift */ = {isa = PBXFileReference; lastKnownFileType = sourcecode.swift; path = ContentView.swift; sourceTree = "<group>"; };
		79D66B0627CFB1A300EA0AD2 /* Assets.xcassets */ = {isa = PBXFileReference; lastKnownFileType = folder.assetcatalog; path = Assets.xcassets; sourceTree = "<group>"; };
		79D66B0927CFB1A300EA0AD2 /* Preview Assets.xcassets */ = {isa = PBXFileReference; lastKnownFileType = folder.assetcatalog; path = "Preview Assets.xcassets"; sourceTree = "<group>"; };
		79D66B1127CFB28F00EA0AD2 /* ShapesClass.swift */ = {isa = PBXFileReference; lastKnownFileType = sourcecode.swift; path = ShapesClass.swift; sourceTree = "<group>"; };
		79D66B1327CFB39300EA0AD2 /* ColorLiteralClass.swift */ = {isa = PBXFileReference; lastKnownFileType = sourcecode.swift; path = ColorLiteralClass.swift; sourceTree = "<group>"; };
		79D66B1727CFB4D300EA0AD2 /* SidebarClass.swift */ = {isa = PBXFileReference; lastKnownFileType = sourcecode.swift; path = SidebarClass.swift; sourceTree = "<group>"; };
		79D66B1927CFB6CE00EA0AD2 /* ToolBarClass.swift */ = {isa = PBXFileReference; lastKnownFileType = sourcecode.swift; path = ToolBarClass.swift; sourceTree = "<group>"; };
		79D66B1B27CFB7BB00EA0AD2 /* ImageViewClass.swift */ = {isa = PBXFileReference; lastKnownFileType = sourcecode.swift; path = ImageViewClass.swift; sourceTree = "<group>"; };
		79D66B1D27CFB84600EA0AD2 /* TextViewClass.swift */ = {isa = PBXFileReference; lastKnownFileType = sourcecode.swift; path = TextViewClass.swift; sourceTree = "<group>"; };
		79D66B1F27CFB92B00EA0AD2 /* maxWidthClass.swift */ = {isa = PBXFileReference; lastKnownFileType = sourcecode.swift; path = maxWidthClass.swift; sourceTree = "<group>"; };
		79D66B2127CFB9E400EA0AD2 /* ShadowClass.swift */ = {isa = PBXFileReference; lastKnownFileType = sourcecode.swift; path = ShadowClass.swift; sourceTree = "<group>"; };
		79D66B2327CFBAD300EA0AD2 /* MaskAndTransparencyClass.swift */ = {isa = PBXFileReference; lastKnownFileType = sourcecode.swift; path = MaskAndTransparencyClass.swift; sourceTree = "<group>"; };
		79D66B2527CFBCA500EA0AD2 /* TabviewClass.swift */ = {isa = PBXFileReference; lastKnownFileType = sourcecode.swift; path = TabviewClass.swift; sourceTree = "<group>"; };
		79D66B2727CFBD2300EA0AD2 /* AnimationClass.swift */ = {isa = PBXFileReference; lastKnownFileType = sourcecode.swift; path = AnimationClass.swift; sourceTree = "<group>"; };
		79D66B2927CFBDF700EA0AD2 /* TransitionClass.swift */ = {isa = PBXFileReference; lastKnownFileType = sourcecode.swift; path = TransitionClass.swift; sourceTree = "<group>"; };
		79D66B2B27CFBF6300EA0AD2 /* Animation3DClass.swift */ = {isa = PBXFileReference; lastKnownFileType = sourcecode.swift; path = Animation3DClass.swift; sourceTree = "<group>"; };
		79D66B2D27CFC11100EA0AD2 /* TapandLongPressAnimationClass.swift */ = {isa = PBXFileReference; lastKnownFileType = sourcecode.swift; path = TapandLongPressAnimationClass.swift; sourceTree = "<group>"; };
		79D66B2F27CFC3DA00EA0AD2 /* DragGestureClass.swift */ = {isa = PBXFileReference; lastKnownFileType = sourcecode.swift; path = DragGestureClass.swift; sourceTree = "<group>"; };
		79D66B3127CFC5AD00EA0AD2 /* MatchedGeometryReaderClass.swift */ = {isa = PBXFileReference; lastKnownFileType = sourcecode.swift; path = MatchedGeometryReaderClass.swift; sourceTree = "<group>"; };
		79D66B3327CFC81300EA0AD2 /* AdvancedMatchedGeometry.swift */ = {isa = PBXFileReference; lastKnownFileType = sourcecode.swift; path = AdvancedMatchedGeometry.swift; sourceTree = "<group>"; };
		79D66B3527CFC8F600EA0AD2 /* AdvancedGeometryPlayView.swift */ = {isa = PBXFileReference; lastKnownFileType = sourcecode.swift; path = AdvancedGeometryPlayView.swift; sourceTree = "<group>"; };
		79D66B3727CFCC9E00EA0AD2 /* BackgroundBlurClass.swift */ = {isa = PBXFileReference; lastKnownFileType = sourcecode.swift; path = BackgroundBlurClass.swift; sourceTree = "<group>"; };
		79D66B3927CFCEBB00EA0AD2 /* VisualEffectBlur.swift */ = {isa = PBXFileReference; fileEncoding = 4; lastKnownFileType = sourcecode.swift; name = VisualEffectBlur.swift; path = ../../../../../../Downloads/BackgroundBlur/BackgroundBlur/VisualEffectBlur.swift; sourceTree = "<group>"; };
		79D66B3B27CFCF4700EA0AD2 /* LottieView.swift */ = {isa = PBXFileReference; fileEncoding = 4; lastKnownFileType = sourcecode.swift; name = LottieView.swift; path = "../../../../Selfcoding/NewloginView/New loginView/View/LottieView.swift"; sourceTree = "<group>"; };
		79D66B4027CFD02100EA0AD2 /* LazyGridLayoutClass.swift */ = {isa = PBXFileReference; lastKnownFileType = sourcecode.swift; path = LazyGridLayoutClass.swift; sourceTree = "<group>"; };
		79D66B4227CFD39000EA0AD2 /* LazyVstackClass.swift */ = {isa = PBXFileReference; lastKnownFileType = sourcecode.swift; path = LazyVstackClass.swift; sourceTree = "<group>"; };
		79D66B4427CFD45100EA0AD2 /* LinkClass.swift */ = {isa = PBXFileReference; lastKnownFileType = sourcecode.swift; path = LinkClass.swift; sourceTree = "<group>"; };
		79D66B4627CFD54F00EA0AD2 /* PickerClass.swift */ = {isa = PBXFileReference; lastKnownFileType = sourcecode.swift; path = PickerClass.swift; sourceTree = "<group>"; };
		79D66B4827D0015600EA0AD2 /* fullModalTransitionClass.swift */ = {isa = PBXFileReference; lastKnownFileType = sourcecode.swift; path = fullModalTransitionClass.swift; sourceTree = "<group>"; };
		79D66B4A27D001CC00EA0AD2 /* StateBarClass.swift */ = {isa = PBXFileReference; lastKnownFileType = sourcecode.swift; path = StateBarClass.swift; sourceTree = "<group>"; };
		79D66B4C27D0023B00EA0AD2 /* RedactedPlaceholderClass.swift */ = {isa = PBXFileReference; lastKnownFileType = sourcecode.swift; path = RedactedPlaceholderClass.swift; sourceTree = "<group>"; };
		79D66B4E27D0037F00EA0AD2 /* HorizontalScroll3D.swift */ = {isa = PBXFileReference; lastKnownFileType = sourcecode.swift; path = HorizontalScroll3D.swift; sourceTree = "<group>"; };
		79D66B5027D0069C00EA0AD2 /* CustomAnimationClass.swift */ = {isa = PBXFileReference; lastKnownFileType = sourcecode.swift; path = CustomAnimationClass.swift; sourceTree = "<group>"; };
/* End PBXFileReference section */

/* Begin PBXFrameworksBuildPhase section */
		79D66AFC27CFB1A200EA0AD2 /* Frameworks */ = {
			isa = PBXFrameworksBuildPhase;
			buildActionMask = 2147483647;
			files = (
				798B181027D0BE020017FEC6 /* SwiftUITrackableScrollView in Frameworks */,
				79D66B3F27CFD00E00EA0AD2 /* Lottie in Frameworks */,
			);
			runOnlyForDeploymentPostprocessing = 0;
		};
/* End PBXFrameworksBuildPhase section */

/* Begin PBXGroup section */
		798B181B27D0C5110017FEC6 /* TabBarScrollToTopClass */ = {
			isa = PBXGroup;
			children = (
				798B182027D0C55D0017FEC6 /* HomeView.swift */,
				798B181D27D0C54D0017FEC6 /* CourseCard.swift */,
				798B181C27D0C54D0017FEC6 /* CoursesView.swift */,
				798B182227D0C5690017FEC6 /* TabToToop.swift */,
				798B182827D0C8EF0017FEC6 /* ChildView.swift */,
				798B182A27D0C94B0017FEC6 /* TabToRoot.swift */,
				798B182C27D0CB2C0017FEC6 /* customScrollBar.swift */,
			);
			path = TabBarScrollToTopClass;
			sourceTree = "<group>";
		};
		79D66AF627CFB1A200EA0AD2 = {
			isa = PBXGroup;
			children = (
				79D66B0127CFB1A200EA0AD2 /* DesignCodeBootCamp */,
				79D66B0027CFB1A200EA0AD2 /* Products */,
			);
			sourceTree = "<group>";
		};
		79D66B0027CFB1A200EA0AD2 /* Products */ = {
			isa = PBXGroup;
			children = (
				79D66AFF27CFB1A200EA0AD2 /* DesignCodeBootCamp.app */,
			);
			name = Products;
			sourceTree = "<group>";
		};
		79D66B0127CFB1A200EA0AD2 /* DesignCodeBootCamp */ = {
			isa = PBXGroup;
			children = (
				79D66B0227CFB1A200EA0AD2 /* DesignCodeBootCampApp.swift */,
				79D66B0427CFB1A200EA0AD2 /* ContentView.swift */,
				79D66B1027CFB27700EA0AD2 /* BootCampFiles */,
				79D66B0627CFB1A300EA0AD2 /* Assets.xcassets */,
				79D66B0827CFB1A300EA0AD2 /* Preview Content */,
			);
			path = DesignCodeBootCamp;
			sourceTree = "<group>";
		};
		79D66B0827CFB1A300EA0AD2 /* Preview Content */ = {
			isa = PBXGroup;
			children = (
				79D66B0927CFB1A300EA0AD2 /* Preview Assets.xcassets */,
			);
			path = "Preview Content";
			sourceTree = "<group>";
		};
		79D66B1027CFB27700EA0AD2 /* BootCampFiles */ = {
			isa = PBXGroup;
			children = (
				798B181B27D0C5110017FEC6 /* TabBarScrollToTopClass */,
				79D66B1127CFB28F00EA0AD2 /* ShapesClass.swift */,
				79D66B1327CFB39300EA0AD2 /* ColorLiteralClass.swift */,
				79D66B1727CFB4D300EA0AD2 /* SidebarClass.swift */,
				79D66B1927CFB6CE00EA0AD2 /* ToolBarClass.swift */,
				79D66B1B27CFB7BB00EA0AD2 /* ImageViewClass.swift */,
				79D66B1D27CFB84600EA0AD2 /* TextViewClass.swift */,
				79D66B1F27CFB92B00EA0AD2 /* maxWidthClass.swift */,
				79D66B2127CFB9E400EA0AD2 /* ShadowClass.swift */,
				79D66B2327CFBAD300EA0AD2 /* MaskAndTransparencyClass.swift */,
				79D66B2527CFBCA500EA0AD2 /* TabviewClass.swift */,
				79D66B2727CFBD2300EA0AD2 /* AnimationClass.swift */,
				79D66B2927CFBDF700EA0AD2 /* TransitionClass.swift */,
				79D66B2B27CFBF6300EA0AD2 /* Animation3DClass.swift */,
				79D66B2D27CFC11100EA0AD2 /* TapandLongPressAnimationClass.swift */,
				79D66B2F27CFC3DA00EA0AD2 /* DragGestureClass.swift */,
				79D66B3127CFC5AD00EA0AD2 /* MatchedGeometryReaderClass.swift */,
				79D66B3327CFC81300EA0AD2 /* AdvancedMatchedGeometry.swift */,
				79D66B3527CFC8F600EA0AD2 /* AdvancedGeometryPlayView.swift */,
				79D66B3727CFCC9E00EA0AD2 /* BackgroundBlurClass.swift */,
				79D66B3927CFCEBB00EA0AD2 /* VisualEffectBlur.swift */,
				79D66B3B27CFCF4700EA0AD2 /* LottieView.swift */,
				79D66B4027CFD02100EA0AD2 /* LazyGridLayoutClass.swift */,
				79D66B4227CFD39000EA0AD2 /* LazyVstackClass.swift */,
				79D66B4427CFD45100EA0AD2 /* LinkClass.swift */,
				79D66B4627CFD54F00EA0AD2 /* PickerClass.swift */,
				79D66B4827D0015600EA0AD2 /* fullModalTransitionClass.swift */,
				79D66B4A27D001CC00EA0AD2 /* StateBarClass.swift */,
				79D66B4C27D0023B00EA0AD2 /* RedactedPlaceholderClass.swift */,
				79D66B4E27D0037F00EA0AD2 /* HorizontalScroll3D.swift */,
				79D66B5027D0069C00EA0AD2 /* CustomAnimationClass.swift */,
				798B17FE27D0B5520017FEC6 /* DismissCustomModal */,
				798B180027D0B5CE0017FEC6 /* IteratingFunctionClass.swift */,
				798B180227D0B6E90017FEC6 /* SwitchVariableClass.swift */,
				798B180427D0B7790017FEC6 /* DateFormatClass.swift */,
				798B180627D0B95D0017FEC6 /* UserDefaultsClass.swift */,
				798B180827D0BAB50017FEC6 /* HideKeyboardClass.swift */,
				798B180A27D0BB5F0017FEC6 /* videoPlayerClass.swift */,
				798B180C27D0BDAF0017FEC6 /* TrackableTableViewClass.swift */,
				798B181127D0BFD80017FEC6 /* LinkForText.swift */,
				798B181327D0C0E50017FEC6 /* ShareSheetClass.swift */,
				798B181727D0C28F0017FEC6 /* AppstorageClass.swift */,
			);
			path = BootCampFiles;
			sourceTree = "<group>";
		};
/* End PBXGroup section */

/* Begin PBXNativeTarget section */
		79D66AFE27CFB1A200EA0AD2 /* DesignCodeBootCamp */ = {
			isa = PBXNativeTarget;
			buildConfigurationList = 79D66B0D27CFB1A300EA0AD2 /* Build configuration list for PBXNativeTarget "DesignCodeBootCamp" */;
			buildPhases = (
				79D66AFB27CFB1A200EA0AD2 /* Sources */,
				79D66AFC27CFB1A200EA0AD2 /* Frameworks */,
				79D66AFD27CFB1A200EA0AD2 /* Resources */,
			);
			buildRules = (
			);
			dependencies = (
			);
			name = DesignCodeBootCamp;
			packageProductDependencies = (
				79D66B3E27CFD00E00EA0AD2 /* Lottie */,
				798B180F27D0BE020017FEC6 /* SwiftUITrackableScrollView */,
			);
			productName = DesignCodeBootCamp;
			productReference = 79D66AFF27CFB1A200EA0AD2 /* DesignCodeBootCamp.app */;
			productType = "com.apple.product-type.application";
		};
/* End PBXNativeTarget section */

/* Begin PBXProject section */
		79D66AF727CFB1A200EA0AD2 /* Project object */ = {
			isa = PBXProject;
			attributes = {
				BuildIndependentTargetsInParallel = 1;
				LastSwiftUpdateCheck = 1330;
				LastUpgradeCheck = 1330;
				TargetAttributes = {
					79D66AFE27CFB1A200EA0AD2 = {
						CreatedOnToolsVersion = 13.3;
					};
				};
			};
			buildConfigurationList = 79D66AFA27CFB1A200EA0AD2 /* Build configuration list for PBXProject "DesignCodeBootCamp" */;
			compatibilityVersion = "Xcode 13.0";
			developmentRegion = en;
			hasScannedForEncodings = 0;
			knownRegions = (
				en,
				Base,
			);
			mainGroup = 79D66AF627CFB1A200EA0AD2;
			packageReferences = (
				79D66B3D27CFD00E00EA0AD2 /* XCRemoteSwiftPackageReference "lottie-ios" */,
				798B180E27D0BE020017FEC6 /* XCRemoteSwiftPackageReference "trackable-scroll-view" */,
			);
			productRefGroup = 79D66B0027CFB1A200EA0AD2 /* Products */;
			projectDirPath = "";
			projectRoot = "";
			targets = (
				79D66AFE27CFB1A200EA0AD2 /* DesignCodeBootCamp */,
			);
		};
/* End PBXProject section */

/* Begin PBXResourcesBuildPhase section */
		79D66AFD27CFB1A200EA0AD2 /* Resources */ = {
			isa = PBXResourcesBuildPhase;
			buildActionMask = 2147483647;
			files = (
				798B17FF27D0B5520017FEC6 /* DismissCustomModal in Resources */,
				79D66B0A27CFB1A300EA0AD2 /* Preview Assets.xcassets in Resources */,
				79D66B0727CFB1A300EA0AD2 /* Assets.xcassets in Resources */,
			);
			runOnlyForDeploymentPostprocessing = 0;
		};
/* End PBXResourcesBuildPhase section */

/* Begin PBXSourcesBuildPhase section */
		79D66AFB27CFB1A200EA0AD2 /* Sources */ = {
			isa = PBXSourcesBuildPhase;
			buildActionMask = 2147483647;
			files = (
				79D66B2227CFB9E400EA0AD2 /* ShadowClass.swift in Sources */,
				79D66B3227CFC5AD00EA0AD2 /* MatchedGeometryReaderClass.swift in Sources */,
				79D66B2427CFBAD300EA0AD2 /* MaskAndTransparencyClass.swift in Sources */,
				798B182D27D0CB2C0017FEC6 /* customScrollBar.swift in Sources */,
				79D66B1427CFB39300EA0AD2 /* ColorLiteralClass.swift in Sources */,
				79D66B1827CFB4D300EA0AD2 /* SidebarClass.swift in Sources */,
				79D66B3027CFC3DA00EA0AD2 /* DragGestureClass.swift in Sources */,
				798B181827D0C28F0017FEC6 /* AppstorageClass.swift in Sources */,
				798B181227D0BFD80017FEC6 /* LinkForText.swift in Sources */,
				798B182B27D0C94B0017FEC6 /* TabToRoot.swift in Sources */,
				79D66B5127D0069C00EA0AD2 /* CustomAnimationClass.swift in Sources */,
				798B180B27D0BB5F0017FEC6 /* videoPlayerClass.swift in Sources */,
				79D66B4B27D001CC00EA0AD2 /* StateBarClass.swift in Sources */,
				79D66B0527CFB1A200EA0AD2 /* ContentView.swift in Sources */,
				79D66B3827CFCC9E00EA0AD2 /* BackgroundBlurClass.swift in Sources */,
				79D66B3427CFC81300EA0AD2 /* AdvancedMatchedGeometry.swift in Sources */,
				798B180527D0B7790017FEC6 /* DateFormatClass.swift in Sources */,
				79D66B2A27CFBDF700EA0AD2 /* TransitionClass.swift in Sources */,
				79D66B2027CFB92B00EA0AD2 /* maxWidthClass.swift in Sources */,
				798B182927D0C8EF0017FEC6 /* ChildView.swift in Sources */,
				79D66B4D27D0023B00EA0AD2 /* RedactedPlaceholderClass.swift in Sources */,
				798B182127D0C55D0017FEC6 /* HomeView.swift in Sources */,
				798B181E27D0C54D0017FEC6 /* CoursesView.swift in Sources */,
				798B182327D0C5690017FEC6 /* TabToToop.swift in Sources */,
				79D66B0327CFB1A200EA0AD2 /* DesignCodeBootCampApp.swift in Sources */,
				79D66B1E27CFB84600EA0AD2 /* TextViewClass.swift in Sources */,
				79D66B3A27CFCEBB00EA0AD2 /* VisualEffectBlur.swift in Sources */,
				79D66B4927D0015600EA0AD2 /* fullModalTransitionClass.swift in Sources */,
				79D66B4127CFD02100EA0AD2 /* LazyGridLayoutClass.swift in Sources */,
				79D66B3627CFC8F600EA0AD2 /* AdvancedGeometryPlayView.swift in Sources */,
				79D66B1C27CFB7BB00EA0AD2 /* ImageViewClass.swift in Sources */,
				79D66B2C27CFBF6300EA0AD2 /* Animation3DClass.swift in Sources */,
				798B180727D0B95D0017FEC6 /* UserDefaultsClass.swift in Sources */,
				79D66B4727CFD54F00EA0AD2 /* PickerClass.swift in Sources */,
				798B180927D0BAB50017FEC6 /* HideKeyboardClass.swift in Sources */,
				798B180127D0B5CE0017FEC6 /* IteratingFunctionClass.swift in Sources */,
				79D66B2627CFBCA500EA0AD2 /* TabviewClass.swift in Sources */,
				79D66B4327CFD39000EA0AD2 /* LazyVstackClass.swift in Sources */,
				79D66B1A27CFB6CE00EA0AD2 /* ToolBarClass.swift in Sources */,
				798B181F27D0C54D0017FEC6 /* CourseCard.swift in Sources */,
				79D66B2E27CFC11100EA0AD2 /* TapandLongPressAnimationClass.swift in Sources */,
				798B180327D0B6E90017FEC6 /* SwitchVariableClass.swift in Sources */,
				79D66B4527CFD45100EA0AD2 /* LinkClass.swift in Sources */,
				798B180D27D0BDAF0017FEC6 /* TrackableTableViewClass.swift in Sources */,
				79D66B3C27CFCF4700EA0AD2 /* LottieView.swift in Sources */,
				79D66B4F27D0037F00EA0AD2 /* HorizontalScroll3D.swift in Sources */,
				798B181427D0C0E50017FEC6 /* ShareSheetClass.swift in Sources */,
				79D66B1227CFB28F00EA0AD2 /* ShapesClass.swift in Sources */,
				79D66B2827CFBD2300EA0AD2 /* AnimationClass.swift in Sources */,
			);
			runOnlyForDeploymentPostprocessing = 0;
		};
/* End PBXSourcesBuildPhase section */

/* Begin XCBuildConfiguration section */
		79D66B0B27CFB1A300EA0AD2 /* Debug */ = {
			isa = XCBuildConfiguration;
			buildSettings = {
				ALWAYS_SEARCH_USER_PATHS = NO;
				CLANG_ANALYZER_NONNULL = YES;
				CLANG_ANALYZER_NUMBER_OBJECT_CONVERSION = YES_AGGRESSIVE;
				CLANG_CXX_LANGUAGE_STANDARD = "gnu++17";
				CLANG_ENABLE_MODULES = YES;
				CLANG_ENABLE_OBJC_ARC = YES;
				CLANG_ENABLE_OBJC_WEAK = YES;
				CLANG_WARN_BLOCK_CAPTURE_AUTORELEASING = YES;
				CLANG_WARN_BOOL_CONVERSION = YES;
				CLANG_WARN_COMMA = YES;
				CLANG_WARN_CONSTANT_CONVERSION = YES;
				CLANG_WARN_DEPRECATED_OBJC_IMPLEMENTATIONS = YES;
				CLANG_WARN_DIRECT_OBJC_ISA_USAGE = YES_ERROR;
				CLANG_WARN_DOCUMENTATION_COMMENTS = YES;
				CLANG_WARN_EMPTY_BODY = YES;
				CLANG_WARN_ENUM_CONVERSION = YES;
				CLANG_WARN_INFINITE_RECURSION = YES;
				CLANG_WARN_INT_CONVERSION = YES;
				CLANG_WARN_NON_LITERAL_NULL_CONVERSION = YES;
				CLANG_WARN_OBJC_IMPLICIT_RETAIN_SELF = YES;
				CLANG_WARN_OBJC_LITERAL_CONVERSION = YES;
				CLANG_WARN_OBJC_ROOT_CLASS = YES_ERROR;
				CLANG_WARN_QUOTED_INCLUDE_IN_FRAMEWORK_HEADER = YES;
				CLANG_WARN_RANGE_LOOP_ANALYSIS = YES;
				CLANG_WARN_STRICT_PROTOTYPES = YES;
				CLANG_WARN_SUSPICIOUS_MOVE = YES;
				CLANG_WARN_UNGUARDED_AVAILABILITY = YES_AGGRESSIVE;
				CLANG_WARN_UNREACHABLE_CODE = YES;
				CLANG_WARN__DUPLICATE_METHOD_MATCH = YES;
				COPY_PHASE_STRIP = NO;
				DEBUG_INFORMATION_FORMAT = dwarf;
				ENABLE_STRICT_OBJC_MSGSEND = YES;
				ENABLE_TESTABILITY = YES;
				GCC_C_LANGUAGE_STANDARD = gnu11;
				GCC_DYNAMIC_NO_PIC = NO;
				GCC_NO_COMMON_BLOCKS = YES;
				GCC_OPTIMIZATION_LEVEL = 0;
				GCC_PREPROCESSOR_DEFINITIONS = (
					"DEBUG=1",
					"$(inherited)",
				);
				GCC_WARN_64_TO_32_BIT_CONVERSION = YES;
				GCC_WARN_ABOUT_RETURN_TYPE = YES_ERROR;
				GCC_WARN_UNDECLARED_SELECTOR = YES;
				GCC_WARN_UNINITIALIZED_AUTOS = YES_AGGRESSIVE;
				GCC_WARN_UNUSED_FUNCTION = YES;
				GCC_WARN_UNUSED_VARIABLE = YES;
				IPHONEOS_DEPLOYMENT_TARGET = 15.4;
				MTL_ENABLE_DEBUG_INFO = INCLUDE_SOURCE;
				MTL_FAST_MATH = YES;
				ONLY_ACTIVE_ARCH = YES;
				SDKROOT = iphoneos;
				SWIFT_ACTIVE_COMPILATION_CONDITIONS = DEBUG;
				SWIFT_OPTIMIZATION_LEVEL = "-Onone";
			};
			name = Debug;
		};
		79D66B0C27CFB1A300EA0AD2 /* Release */ = {
			isa = XCBuildConfiguration;
			buildSettings = {
				ALWAYS_SEARCH_USER_PATHS = NO;
				CLANG_ANALYZER_NONNULL = YES;
				CLANG_ANALYZER_NUMBER_OBJECT_CONVERSION = YES_AGGRESSIVE;
				CLANG_CXX_LANGUAGE_STANDARD = "gnu++17";
				CLANG_ENABLE_MODULES = YES;
				CLANG_ENABLE_OBJC_ARC = YES;
				CLANG_ENABLE_OBJC_WEAK = YES;
				CLANG_WARN_BLOCK_CAPTURE_AUTORELEASING = YES;
				CLANG_WARN_BOOL_CONVERSION = YES;
				CLANG_WARN_COMMA = YES;
				CLANG_WARN_CONSTANT_CONVERSION = YES;
				CLANG_WARN_DEPRECATED_OBJC_IMPLEMENTATIONS = YES;
				CLANG_WARN_DIRECT_OBJC_ISA_USAGE = YES_ERROR;
				CLANG_WARN_DOCUMENTATION_COMMENTS = YES;
				CLANG_WARN_EMPTY_BODY = YES;
				CLANG_WARN_ENUM_CONVERSION = YES;
				CLANG_WARN_INFINITE_RECURSION = YES;
				CLANG_WARN_INT_CONVERSION = YES;
				CLANG_WARN_NON_LITERAL_NULL_CONVERSION = YES;
				CLANG_WARN_OBJC_IMPLICIT_RETAIN_SELF = YES;
				CLANG_WARN_OBJC_LITERAL_CONVERSION = YES;
				CLANG_WARN_OBJC_ROOT_CLASS = YES_ERROR;
				CLANG_WARN_QUOTED_INCLUDE_IN_FRAMEWORK_HEADER = YES;
				CLANG_WARN_RANGE_LOOP_ANALYSIS = YES;
				CLANG_WARN_STRICT_PROTOTYPES = YES;
				CLANG_WARN_SUSPICIOUS_MOVE = YES;
				CLANG_WARN_UNGUARDED_AVAILABILITY = YES_AGGRESSIVE;
				CLANG_WARN_UNREACHABLE_CODE = YES;
				CLANG_WARN__DUPLICATE_METHOD_MATCH = YES;
				COPY_PHASE_STRIP = NO;
				DEBUG_INFORMATION_FORMAT = "dwarf-with-dsym";
				ENABLE_NS_ASSERTIONS = NO;
				ENABLE_STRICT_OBJC_MSGSEND = YES;
				GCC_C_LANGUAGE_STANDARD = gnu11;
				GCC_NO_COMMON_BLOCKS = YES;
				GCC_WARN_64_TO_32_BIT_CONVERSION = YES;
				GCC_WARN_ABOUT_RETURN_TYPE = YES_ERROR;
				GCC_WARN_UNDECLARED_SELECTOR = YES;
				GCC_WARN_UNINITIALIZED_AUTOS = YES_AGGRESSIVE;
				GCC_WARN_UNUSED_FUNCTION = YES;
				GCC_WARN_UNUSED_VARIABLE = YES;
				IPHONEOS_DEPLOYMENT_TARGET = 15.4;
				MTL_ENABLE_DEBUG_INFO = NO;
				MTL_FAST_MATH = YES;
				SDKROOT = iphoneos;
				SWIFT_COMPILATION_MODE = wholemodule;
				SWIFT_OPTIMIZATION_LEVEL = "-O";
				VALIDATE_PRODUCT = YES;
			};
			name = Release;
		};
		79D66B0E27CFB1A300EA0AD2 /* Debug */ = {
			isa = XCBuildConfiguration;
			buildSettings = {
				ASSETCATALOG_COMPILER_APPICON_NAME = AppIcon;
				ASSETCATALOG_COMPILER_GLOBAL_ACCENT_COLOR_NAME = AccentColor;
				CODE_SIGN_STYLE = Automatic;
				CURRENT_PROJECT_VERSION = 1;
				DEVELOPMENT_ASSET_PATHS = "\"DesignCodeBootCamp/Preview Content\"";
				DEVELOPMENT_TEAM = SRJSV34WBB;
				ENABLE_PREVIEWS = YES;
				GENERATE_INFOPLIST_FILE = YES;
				INFOPLIST_KEY_UIApplicationSceneManifest_Generation = YES;
				INFOPLIST_KEY_UIApplicationSupportsIndirectInputEvents = YES;
				INFOPLIST_KEY_UILaunchScreen_Generation = YES;
				INFOPLIST_KEY_UISupportedInterfaceOrientations_iPad = "UIInterfaceOrientationPortrait UIInterfaceOrientationPortraitUpsideDown UIInterfaceOrientationLandscapeLeft UIInterfaceOrientationLandscapeRight";
				INFOPLIST_KEY_UISupportedInterfaceOrientations_iPhone = "UIInterfaceOrientationPortrait UIInterfaceOrientationLandscapeLeft UIInterfaceOrientationLandscapeRight";
				LD_RUNPATH_SEARCH_PATHS = (
					"$(inherited)",
					"@executable_path/Frameworks",
				);
				MARKETING_VERSION = 1.0;
				PRODUCT_BUNDLE_IDENTIFIER = leeky16498Dev.DesignCodeBootCamp;
				PRODUCT_NAME = "$(TARGET_NAME)";
				SWIFT_EMIT_LOC_STRINGS = YES;
				SWIFT_VERSION = 5.0;
				TARGETED_DEVICE_FAMILY = "1,2";
			};
			name = Debug;
		};
		79D66B0F27CFB1A300EA0AD2 /* Release */ = {
			isa = XCBuildConfiguration;
			buildSettings = {
				ASSETCATALOG_COMPILER_APPICON_NAME = AppIcon;
				ASSETCATALOG_COMPILER_GLOBAL_ACCENT_COLOR_NAME = AccentColor;
				CODE_SIGN_STYLE = Automatic;
				CURRENT_PROJECT_VERSION = 1;
				DEVELOPMENT_ASSET_PATHS = "\"DesignCodeBootCamp/Preview Content\"";
				DEVELOPMENT_TEAM = SRJSV34WBB;
				ENABLE_PREVIEWS = YES;
				GENERATE_INFOPLIST_FILE = YES;
				INFOPLIST_KEY_UIApplicationSceneManifest_Generation = YES;
				INFOPLIST_KEY_UIApplicationSupportsIndirectInputEvents = YES;
				INFOPLIST_KEY_UILaunchScreen_Generation = YES;
				INFOPLIST_KEY_UISupportedInterfaceOrientations_iPad = "UIInterfaceOrientationPortrait UIInterfaceOrientationPortraitUpsideDown UIInterfaceOrientationLandscapeLeft UIInterfaceOrientationLandscapeRight";
				INFOPLIST_KEY_UISupportedInterfaceOrientations_iPhone = "UIInterfaceOrientationPortrait UIInterfaceOrientationLandscapeLeft UIInterfaceOrientationLandscapeRight";
				LD_RUNPATH_SEARCH_PATHS = (
					"$(inherited)",
					"@executable_path/Frameworks",
				);
				MARKETING_VERSION = 1.0;
				PRODUCT_BUNDLE_IDENTIFIER = leeky16498Dev.DesignCodeBootCamp;
				PRODUCT_NAME = "$(TARGET_NAME)";
				SWIFT_EMIT_LOC_STRINGS = YES;
				SWIFT_VERSION = 5.0;
				TARGETED_DEVICE_FAMILY = "1,2";
			};
			name = Release;
		};
/* End XCBuildConfiguration section */

/* Begin XCConfigurationList section */
		79D66AFA27CFB1A200EA0AD2 /* Build configuration list for PBXProject "DesignCodeBootCamp" */ = {
			isa = XCConfigurationList;
			buildConfigurations = (
				79D66B0B27CFB1A300EA0AD2 /* Debug */,
				79D66B0C27CFB1A300EA0AD2 /* Release */,
			);
			defaultConfigurationIsVisible = 0;
			defaultConfigurationName = Release;
		};
		79D66B0D27CFB1A300EA0AD2 /* Build configuration list for PBXNativeTarget "DesignCodeBootCamp" */ = {
			isa = XCConfigurationList;
			buildConfigurations = (
				79D66B0E27CFB1A300EA0AD2 /* Debug */,
				79D66B0F27CFB1A300EA0AD2 /* Release */,
			);
			defaultConfigurationIsVisible = 0;
			defaultConfigurationName = Release;
		};
/* End XCConfigurationList section */

/* Begin XCRemoteSwiftPackageReference section */
		798B180E27D0BE020017FEC6 /* XCRemoteSwiftPackageReference "trackable-scroll-view" */ = {
			isa = XCRemoteSwiftPackageReference;
			repositoryURL = "https://github.com/maxnatchanon/trackable-scroll-view";
			requirement = {
				branch = master;
				kind = branch;
			};
		};
		79D66B3D27CFD00E00EA0AD2 /* XCRemoteSwiftPackageReference "lottie-ios" */ = {
			isa = XCRemoteSwiftPackageReference;
			repositoryURL = "https://github.com/airbnb/lottie-ios";
			requirement = {
				kind = upToNextMajorVersion;
				minimumVersion = 3.0.0;
			};
		};
/* End XCRemoteSwiftPackageReference section */

/* Begin XCSwiftPackageProductDependency section */
		798B180F27D0BE020017FEC6 /* SwiftUITrackableScrollView */ = {
			isa = XCSwiftPackageProductDependency;
			package = 798B180E27D0BE020017FEC6 /* XCRemoteSwiftPackageReference "trackable-scroll-view" */;
			productName = SwiftUITrackableScrollView;
		};
		79D66B3E27CFD00E00EA0AD2 /* Lottie */ = {
			isa = XCSwiftPackageProductDependency;
			package = 79D66B3D27CFD00E00EA0AD2 /* XCRemoteSwiftPackageReference "lottie-ios" */;
			productName = Lottie;
		};
/* End XCSwiftPackageProductDependency section */
	};
	rootObject = 79D66AF727CFB1A200EA0AD2 /* Project object */;
}
